// !$*UTF8*$!
{
	archiveVersion = 1;
	classes = {
	};
	objectVersion = 46;
	objects = {

/* Begin PBXBuildFile section */
		8DE935E21ED9E09200A4BB62 /* AppDelegate.swift in Sources */ = {isa = PBXBuildFile; fileRef = 8DE935E11ED9E09200A4BB62 /* AppDelegate.swift */; };
		8DE935E41ED9E09200A4BB62 /* ViewController.swift in Sources */ = {isa = PBXBuildFile; fileRef = 8DE935E31ED9E09200A4BB62 /* ViewController.swift */; };
		8DE935E91ED9E09200A4BB62 /* Assets.xcassets in Resources */ = {isa = PBXBuildFile; fileRef = 8DE935E81ED9E09200A4BB62 /* Assets.xcassets */; };
		8DE935EC1ED9E09200A4BB62 /* LaunchScreen.storyboard in Resources */ = {isa = PBXBuildFile; fileRef = 8DE935EA1ED9E09200A4BB62 /* LaunchScreen.storyboard */; };
		8DE936DB1ED9E0D900A4BB62 /* Decoder.swift in Sources */ = {isa = PBXBuildFile; fileRef = 8DE936D51ED9E0D900A4BB62 /* Decoder.swift */; };
		8DE936DC1ED9E0D900A4BB62 /* Dictionary.swift in Sources */ = {isa = PBXBuildFile; fileRef = 8DE936D61ED9E0D900A4BB62 /* Dictionary.swift */; };
		8DE936DD1ED9E0D900A4BB62 /* Encoder.swift in Sources */ = {isa = PBXBuildFile; fileRef = 8DE936D71ED9E0D900A4BB62 /* Encoder.swift */; };
		8DE936DE1ED9E0D900A4BB62 /* Gloss.swift in Sources */ = {isa = PBXBuildFile; fileRef = 8DE936D91ED9E0D900A4BB62 /* Gloss.swift */; };
		8DE936DF1ED9E0D900A4BB62 /* Operators.swift in Sources */ = {isa = PBXBuildFile; fileRef = 8DE936DA1ED9E0D900A4BB62 /* Operators.swift */; };
		8DE936E21ED9E0E300A4BB62 /* Video.swift in Sources */ = {isa = PBXBuildFile; fileRef = 8DE936E01ED9E0E300A4BB62 /* Video.swift */; };
		8DE936E31ED9E0E300A4BB62 /* JSON.swift in Sources */ = {isa = PBXBuildFile; fileRef = 8DE936E11ED9E0E300A4BB62 /* JSON.swift */; };
		8DE936E71ED9E0EA00A4BB62 /* VideoSearch.swift in Sources */ = {isa = PBXBuildFile; fileRef = 8DE936E41ED9E0EA00A4BB62 /* VideoSearch.swift */; };
		8DE936E81ED9E0EA00A4BB62 /* Updater.swift in Sources */ = {isa = PBXBuildFile; fileRef = 8DE936E51ED9E0EA00A4BB62 /* Updater.swift */; };
		8DE936ED1ED9E11E00A4BB62 /* Category.swift in Sources */ = {isa = PBXBuildFile; fileRef = 8DE936EA1ED9E11E00A4BB62 /* Category.swift */; };
		8DE936EE1ED9E11E00A4BB62 /* CategoryFactories.swift in Sources */ = {isa = PBXBuildFile; fileRef = 8DE936EB1ED9E11E00A4BB62 /* CategoryFactories.swift */; };
		8DE936F21ED9E12500A4BB62 /* VideoCell.swift in Sources */ = {isa = PBXBuildFile; fileRef = 8DE936F01ED9E12500A4BB62 /* VideoCell.swift */; };
		8DE936F31ED9E12500A4BB62 /* MainVideoCell.swift in Sources */ = {isa = PBXBuildFile; fileRef = 8DE936F11ED9E12500A4BB62 /* MainVideoCell.swift */; };
		8DE936F61ED9E12B00A4BB62 /* MyVideosViewController.swift in Sources */ = {isa = PBXBuildFile; fileRef = 8DE936F41ED9E12B00A4BB62 /* MyVideosViewController.swift */; };
		8DE937001ED9E13700A4BB62 /* VideoViewController.swift in Sources */ = {isa = PBXBuildFile; fileRef = 8DE936FE1ED9E13700A4BB62 /* VideoViewController.swift */; };
		8DE937011ED9E13700A4BB62 /* SuggestedVideosTableViewController.swift in Sources */ = {isa = PBXBuildFile; fileRef = 8DE936FF1ED9E13700A4BB62 /* SuggestedVideosTableViewController.swift */; };
		8DE937091ED9E13E00A4BB62 /* MainTableViewController.swift in Sources */ = {isa = PBXBuildFile; fileRef = 8DE937031ED9E13E00A4BB62 /* MainTableViewController.swift */; };
		8DE9370A1ED9E13E00A4BB62 /* HorizontalTableViewController.swift in Sources */ = {isa = PBXBuildFile; fileRef = 8DE937041ED9E13E00A4BB62 /* HorizontalTableViewController.swift */; };
		8DE9370C1ED9E13E00A4BB62 /* HorizontalTableViewCell.swift in Sources */ = {isa = PBXBuildFile; fileRef = 8DE937061ED9E13E00A4BB62 /* HorizontalTableViewCell.swift */; };
		8DE9370D1ED9E13E00A4BB62 /* HorizontalCollectionViewCell.swift in Sources */ = {isa = PBXBuildFile; fileRef = 8DE937071ED9E13E00A4BB62 /* HorizontalCollectionViewCell.swift */; };
		8DE9371B1ED9E15300A4BB62 /* ImageHandler.swift in Sources */ = {isa = PBXBuildFile; fileRef = 8DE937181ED9E15300A4BB62 /* ImageHandler.swift */; };
		8DE9371C1ED9E15300A4BB62 /* LoadingOverlay.swift in Sources */ = {isa = PBXBuildFile; fileRef = 8DE937191ED9E15300A4BB62 /* LoadingOverlay.swift */; };
		8DE9371D1ED9E15300A4BB62 /* Helpers.swift in Sources */ = {isa = PBXBuildFile; fileRef = 8DE9371A1ED9E15300A4BB62 /* Helpers.swift */; };
		8DE937231ED9E1FE00A4BB62 /* Main.storyboard in Resources */ = {isa = PBXBuildFile; fileRef = 8DE937221ED9E1FE00A4BB62 /* Main.storyboard */; };
/* End PBXBuildFile section */

/* Begin PBXFileReference section */
		8DE935DE1ED9E09200A4BB62 /* MyTube.app */ = {isa = PBXFileReference; explicitFileType = wrapper.application; includeInIndex = 0; path = MyTube.app; sourceTree = BUILT_PRODUCTS_DIR; };
		8DE935E11ED9E09200A4BB62 /* AppDelegate.swift */ = {isa = PBXFileReference; lastKnownFileType = sourcecode.swift; path = AppDelegate.swift; sourceTree = "<group>"; };
		8DE935E31ED9E09200A4BB62 /* ViewController.swift */ = {isa = PBXFileReference; lastKnownFileType = sourcecode.swift; path = ViewController.swift; sourceTree = "<group>"; };
		8DE935E81ED9E09200A4BB62 /* Assets.xcassets */ = {isa = PBXFileReference; lastKnownFileType = folder.assetcatalog; path = Assets.xcassets; sourceTree = "<group>"; };
		8DE935EB1ED9E09200A4BB62 /* Base */ = {isa = PBXFileReference; lastKnownFileType = file.storyboard; name = Base; path = Base.lproj/LaunchScreen.storyboard; sourceTree = "<group>"; };
		8DE935ED1ED9E09200A4BB62 /* Info.plist */ = {isa = PBXFileReference; lastKnownFileType = text.plist.xml; path = Info.plist; sourceTree = "<group>"; };
		8DE936D51ED9E0D900A4BB62 /* Decoder.swift */ = {isa = PBXFileReference; fileEncoding = 4; lastKnownFileType = sourcecode.swift; path = Decoder.swift; sourceTree = "<group>"; };
		8DE936D61ED9E0D900A4BB62 /* Dictionary.swift */ = {isa = PBXFileReference; fileEncoding = 4; lastKnownFileType = sourcecode.swift; path = Dictionary.swift; sourceTree = "<group>"; };
		8DE936D71ED9E0D900A4BB62 /* Encoder.swift */ = {isa = PBXFileReference; fileEncoding = 4; lastKnownFileType = sourcecode.swift; path = Encoder.swift; sourceTree = "<group>"; };
		8DE936D81ED9E0D900A4BB62 /* Gloss.h */ = {isa = PBXFileReference; fileEncoding = 4; lastKnownFileType = sourcecode.c.h; path = Gloss.h; sourceTree = "<group>"; };
		8DE936D91ED9E0D900A4BB62 /* Gloss.swift */ = {isa = PBXFileReference; fileEncoding = 4; lastKnownFileType = sourcecode.swift; path = Gloss.swift; sourceTree = "<group>"; };
		8DE936DA1ED9E0D900A4BB62 /* Operators.swift */ = {isa = PBXFileReference; fileEncoding = 4; lastKnownFileType = sourcecode.swift; path = Operators.swift; sourceTree = "<group>"; };
		8DE936E01ED9E0E300A4BB62 /* Video.swift */ = {isa = PBXFileReference; fileEncoding = 4; lastKnownFileType = sourcecode.swift; path = Video.swift; sourceTree = "<group>"; };
		8DE936E11ED9E0E300A4BB62 /* JSON.swift */ = {isa = PBXFileReference; fileEncoding = 4; lastKnownFileType = sourcecode.swift; path = JSON.swift; sourceTree = "<group>"; };
		8DE936E41ED9E0EA00A4BB62 /* VideoSearch.swift */ = {isa = PBXFileReference; fileEncoding = 4; lastKnownFileType = sourcecode.swift; path = VideoSearch.swift; sourceTree = "<group>"; };
		8DE936E51ED9E0EA00A4BB62 /* Updater.swift */ = {isa = PBXFileReference; fileEncoding = 4; lastKnownFileType = sourcecode.swift; path = Updater.swift; sourceTree = "<group>"; };
		8DE936EA1ED9E11E00A4BB62 /* Category.swift */ = {isa = PBXFileReference; fileEncoding = 4; lastKnownFileType = sourcecode.swift; path = Category.swift; sourceTree = "<group>"; };
		8DE936EB1ED9E11E00A4BB62 /* CategoryFactories.swift */ = {isa = PBXFileReference; fileEncoding = 4; lastKnownFileType = sourcecode.swift; path = CategoryFactories.swift; sourceTree = "<group>"; };
		8DE936F01ED9E12500A4BB62 /* VideoCell.swift */ = {isa = PBXFileReference; fileEncoding = 4; lastKnownFileType = sourcecode.swift; path = VideoCell.swift; sourceTree = "<group>"; };
		8DE936F11ED9E12500A4BB62 /* MainVideoCell.swift */ = {isa = PBXFileReference; fileEncoding = 4; lastKnownFileType = sourcecode.swift; path = MainVideoCell.swift; sourceTree = "<group>"; };
		8DE936F41ED9E12B00A4BB62 /* MyVideosViewController.swift */ = {isa = PBXFileReference; fileEncoding = 4; lastKnownFileType = sourcecode.swift; path = MyVideosViewController.swift; sourceTree = "<group>"; };
		8DE936FE1ED9E13700A4BB62 /* VideoViewController.swift */ = {isa = PBXFileReference; fileEncoding = 4; lastKnownFileType = sourcecode.swift; path = VideoViewController.swift; sourceTree = "<group>"; };
		8DE936FF1ED9E13700A4BB62 /* SuggestedVideosTableViewController.swift */ = {isa = PBXFileReference; fileEncoding = 4; lastKnownFileType = sourcecode.swift; path = SuggestedVideosTableViewController.swift; sourceTree = "<group>"; };
		8DE937031ED9E13E00A4BB62 /* MainTableViewController.swift */ = {isa = PBXFileReference; fileEncoding = 4; lastKnownFileType = sourcecode.swift; path = MainTableViewController.swift; sourceTree = "<group>"; };
		8DE937041ED9E13E00A4BB62 /* HorizontalTableViewController.swift */ = {isa = PBXFileReference; fileEncoding = 4; lastKnownFileType = sourcecode.swift; path = HorizontalTableViewController.swift; sourceTree = "<group>"; };
		8DE937061ED9E13E00A4BB62 /* HorizontalTableViewCell.swift */ = {isa = PBXFileReference; fileEncoding = 4; lastKnownFileType = sourcecode.swift; path = HorizontalTableViewCell.swift; sourceTree = "<group>"; };
		8DE937071ED9E13E00A4BB62 /* HorizontalCollectionViewCell.swift */ = {isa = PBXFileReference; fileEncoding = 4; lastKnownFileType = sourcecode.swift; path = HorizontalCollectionViewCell.swift; sourceTree = "<group>"; };
		8DE937181ED9E15300A4BB62 /* ImageHandler.swift */ = {isa = PBXFileReference; fileEncoding = 4; lastKnownFileType = sourcecode.swift; path = ImageHandler.swift; sourceTree = "<group>"; };
		8DE937191ED9E15300A4BB62 /* LoadingOverlay.swift */ = {isa = PBXFileReference; fileEncoding = 4; lastKnownFileType = sourcecode.swift; path = LoadingOverlay.swift; sourceTree = "<group>"; };
		8DE9371A1ED9E15300A4BB62 /* Helpers.swift */ = {isa = PBXFileReference; fileEncoding = 4; lastKnownFileType = sourcecode.swift; path = Helpers.swift; sourceTree = "<group>"; };
		8DE937221ED9E1FE00A4BB62 /* Main.storyboard */ = {isa = PBXFileReference; fileEncoding = 4; lastKnownFileType = file.storyboard; path = Main.storyboard; sourceTree = "<group>"; };
/* End PBXFileReference section */

/* Begin PBXFrameworksBuildPhase section */
		8DE935DB1ED9E09200A4BB62 /* Frameworks */ = {
			isa = PBXFrameworksBuildPhase;
			buildActionMask = 2147483647;
			files = (
			);
			runOnlyForDeploymentPostprocessing = 0;
		};
/* End PBXFrameworksBuildPhase section */

/* Begin PBXGroup section */
		8DE935D51ED9E09200A4BB62 = {
			isa = PBXGroup;
			children = (
				8DE935E01ED9E09200A4BB62 /* MyTube */,
				8DE935DF1ED9E09200A4BB62 /* Products */,
				8DE937241ED9E52400A4BB62 /* Gloss */,
				8DE9372F1ED9E76D00A4BB62 /* Video Updater */,
				8DE937181ED9E15300A4BB62 /* ImageHandler.swift */,
				8DE937191ED9E15300A4BB62 /* LoadingOverlay.swift */,
				8DE9371A1ED9E15300A4BB62 /* Helpers.swift */,
				8DE937301ED9E78500A4BB62 /* Categories */,
				8DE937311ED9E79D00A4BB62 /* Cells */,
				8DE936F41ED9E12B00A4BB62 /* MyVideosViewController.swift */,
				8DE936FE1ED9E13700A4BB62 /* VideoViewController.swift */,
				8DE936FF1ED9E13700A4BB62 /* SuggestedVideosTableViewController.swift */,
				8DE937031ED9E13E00A4BB62 /* MainTableViewController.swift */,
				8DE937041ED9E13E00A4BB62 /* HorizontalTableViewController.swift */,
				8DE937061ED9E13E00A4BB62 /* HorizontalTableViewCell.swift */,
				8DE937071ED9E13E00A4BB62 /* HorizontalCollectionViewCell.swift */,
			);
			sourceTree = "<group>";
		};
		8DE935DF1ED9E09200A4BB62 /* Products */ = {
			isa = PBXGroup;
			children = (
				8DE935DE1ED9E09200A4BB62 /* MyTube.app */,
			);
			name = Products;
			sourceTree = "<group>";
		};
		8DE935E01ED9E09200A4BB62 /* MyTube */ = {
			isa = PBXGroup;
			children = (
				8DE935E11ED9E09200A4BB62 /* AppDelegate.swift */,
				8DE935E31ED9E09200A4BB62 /* ViewController.swift */,
				8DE937221ED9E1FE00A4BB62 /* Main.storyboard */,
				8DE935E81ED9E09200A4BB62 /* Assets.xcassets */,
				8DE935EA1ED9E09200A4BB62 /* LaunchScreen.storyboard */,
				8DE935ED1ED9E09200A4BB62 /* Info.plist */,
			);
			path = MyTube;
			sourceTree = "<group>";
		};
		8DE937241ED9E52400A4BB62 /* Gloss */ = {
			isa = PBXGroup;
			children = (
				8DE936D51ED9E0D900A4BB62 /* Decoder.swift */,
				8DE936D61ED9E0D900A4BB62 /* Dictionary.swift */,
				8DE936D71ED9E0D900A4BB62 /* Encoder.swift */,
				8DE936D81ED9E0D900A4BB62 /* Gloss.h */,
				8DE936D91ED9E0D900A4BB62 /* Gloss.swift */,
				8DE936DA1ED9E0D900A4BB62 /* Operators.swift */,
			);
			name = Gloss;
			sourceTree = "<group>";
		};
		8DE9372F1ED9E76D00A4BB62 /* Video Updater */ = {
			isa = PBXGroup;
			children = (
				8DE936E01ED9E0E300A4BB62 /* Video.swift */,
				8DE936E11ED9E0E300A4BB62 /* JSON.swift */,
				8DE936E41ED9E0EA00A4BB62 /* VideoSearch.swift */,
				8DE936E51ED9E0EA00A4BB62 /* Updater.swift */,
			);
			name = "Video Updater";
			sourceTree = "<group>";
		};
		8DE937301ED9E78500A4BB62 /* Categories */ = {
			isa = PBXGroup;
			children = (
				8DE936EA1ED9E11E00A4BB62 /* Category.swift */,
				8DE936EB1ED9E11E00A4BB62 /* CategoryFactories.swift */,
			);
			name = Categories;
			sourceTree = "<group>";
		};
		8DE937311ED9E79D00A4BB62 /* Cells */ = {
			isa = PBXGroup;
			children = (
				8DE936F01ED9E12500A4BB62 /* VideoCell.swift */,
				8DE936F11ED9E12500A4BB62 /* MainVideoCell.swift */,
			);
			name = Cells;
			sourceTree = "<group>";
		};
/* End PBXGroup section */

/* Begin PBXNativeTarget section */
		8DE935DD1ED9E09200A4BB62 /* MyTube */ = {
			isa = PBXNativeTarget;
			buildConfigurationList = 8DE935F01ED9E09200A4BB62 /* Build configuration list for PBXNativeTarget "MyTube" */;
			buildPhases = (
				8DE935DA1ED9E09200A4BB62 /* Sources */,
				8DE935DB1ED9E09200A4BB62 /* Frameworks */,
				8DE935DC1ED9E09200A4BB62 /* Resources */,
			);
			buildRules = (
			);
			dependencies = (
			);
			name = MyTube;
			productName = MyTube;
			productReference = 8DE935DE1ED9E09200A4BB62 /* MyTube.app */;
			productType = "com.apple.product-type.application";
		};
/* End PBXNativeTarget section */

/* Begin PBXProject section */
		8DE935D61ED9E09200A4BB62 /* Project object */ = {
			isa = PBXProject;
			attributes = {
				LastSwiftUpdateCheck = 0830;
				LastUpgradeCheck = 0830;
				ORGANIZATIONNAME = "William Ogura";
				TargetAttributes = {
					8DE935DD1ED9E09200A4BB62 = {
						CreatedOnToolsVersion = 8.3.2;
						DevelopmentTeam = TG434Y362J;
						ProvisioningStyle = Automatic;
					};
				};
			};
			buildConfigurationList = 8DE935D91ED9E09200A4BB62 /* Build configuration list for PBXProject "MyTube" */;
			compatibilityVersion = "Xcode 3.2";
			developmentRegion = English;
			hasScannedForEncodings = 0;
			knownRegions = (
				en,
				Base,
			);
			mainGroup = 8DE935D51ED9E09200A4BB62;
			productRefGroup = 8DE935DF1ED9E09200A4BB62 /* Products */;
			projectDirPath = "";
			projectRoot = "";
			targets = (
				8DE935DD1ED9E09200A4BB62 /* MyTube */,
			);
		};
/* End PBXProject section */

/* Begin PBXResourcesBuildPhase section */
		8DE935DC1ED9E09200A4BB62 /* Resources */ = {
			isa = PBXResourcesBuildPhase;
			buildActionMask = 2147483647;
			files = (
				8DE935EC1ED9E09200A4BB62 /* LaunchScreen.storyboard in Resources */,
				8DE935E91ED9E09200A4BB62 /* Assets.xcassets in Resources */,
				8DE937231ED9E1FE00A4BB62 /* Main.storyboard in Resources */,
			);
			runOnlyForDeploymentPostprocessing = 0;
		};
/* End PBXResourcesBuildPhase section */

/* Begin PBXSourcesBuildPhase section */
		8DE935DA1ED9E09200A4BB62 /* Sources */ = {
			isa = PBXSourcesBuildPhase;
			buildActionMask = 2147483647;
			files = (
				8DE9371D1ED9E15300A4BB62 /* Helpers.swift in Sources */,
				8DE936DE1ED9E0D900A4BB62 /* Gloss.swift in Sources */,
				8DE936F21ED9E12500A4BB62 /* VideoCell.swift in Sources */,
				8DE935E41ED9E09200A4BB62 /* ViewController.swift in Sources */,
				8DE936DF1ED9E0D900A4BB62 /* Operators.swift in Sources */,
				8DE936E31ED9E0E300A4BB62 /* JSON.swift in Sources */,
				8DE936DC1ED9E0D900A4BB62 /* Dictionary.swift in Sources */,
				8DE936DD1ED9E0D900A4BB62 /* Encoder.swift in Sources */,
				8DE937011ED9E13700A4BB62 /* SuggestedVideosTableViewController.swift in Sources */,
				8DE9370D1ED9E13E00A4BB62 /* HorizontalCollectionViewCell.swift in Sources */,
				8DE936E81ED9E0EA00A4BB62 /* Updater.swift in Sources */,
				8DE936E21ED9E0E300A4BB62 /* Video.swift in Sources */,
				8DE936ED1ED9E11E00A4BB62 /* Category.swift in Sources */,
				8DE936F31ED9E12500A4BB62 /* MainVideoCell.swift in Sources */,
				8DE937091ED9E13E00A4BB62 /* MainTableViewController.swift in Sources */,
				8DE9370A1ED9E13E00A4BB62 /* HorizontalTableViewController.swift in Sources */,
				8DE9371C1ED9E15300A4BB62 /* LoadingOverlay.swift in Sources */,
				8DE936DB1ED9E0D900A4BB62 /* Decoder.swift in Sources */,
				8DE9370C1ED9E13E00A4BB62 /* HorizontalTableViewCell.swift in Sources */,
				8DE935E21ED9E09200A4BB62 /* AppDelegate.swift in Sources */,
				8DE937001ED9E13700A4BB62 /* VideoViewController.swift in Sources */,
				8DE936EE1ED9E11E00A4BB62 /* CategoryFactories.swift in Sources */,
				8DE936F61ED9E12B00A4BB62 /* MyVideosViewController.swift in Sources */,
				8DE9371B1ED9E15300A4BB62 /* ImageHandler.swift in Sources */,
				8DE936E71ED9E0EA00A4BB62 /* VideoSearch.swift in Sources */,
			);
			runOnlyForDeploymentPostprocessing = 0;
		};
/* End PBXSourcesBuildPhase section */

/* Begin PBXVariantGroup section */
		8DE935EA1ED9E09200A4BB62 /* LaunchScreen.storyboard */ = {
			isa = PBXVariantGroup;
			children = (
				8DE935EB1ED9E09200A4BB62 /* Base */,
			);
			name = LaunchScreen.storyboard;
			sourceTree = "<group>";
		};
/* End PBXVariantGroup section */

/* Begin XCBuildConfiguration section */
		8DE935EE1ED9E09200A4BB62 /* Debug */ = {
			isa = XCBuildConfiguration;
			buildSettings = {
				ALWAYS_SEARCH_USER_PATHS = NO;
				CLANG_ANALYZER_NONNULL = YES;
				CLANG_ANALYZER_NUMBER_OBJECT_CONVERSION = YES_AGGRESSIVE;
				CLANG_CXX_LANGUAGE_STANDARD = "gnu++0x";
				CLANG_CXX_LIBRARY = "libc++";
				CLANG_ENABLE_MODULES = YES;
				CLANG_ENABLE_OBJC_ARC = YES;
				CLANG_WARN_BOOL_CONVERSION = YES;
				CLANG_WARN_CONSTANT_CONVERSION = YES;
				CLANG_WARN_DIRECT_OBJC_ISA_USAGE = YES_ERROR;
				CLANG_WARN_DOCUMENTATION_COMMENTS = YES;
				CLANG_WARN_EMPTY_BODY = YES;
				CLANG_WARN_ENUM_CONVERSION = YES;
				CLANG_WARN_INFINITE_RECURSION = YES;
				CLANG_WARN_INT_CONVERSION = YES;
				CLANG_WARN_OBJC_ROOT_CLASS = YES_ERROR;
				CLANG_WARN_SUSPICIOUS_MOVE = YES;
				CLANG_WARN_UNREACHABLE_CODE = YES;
				CLANG_WARN__DUPLICATE_METHOD_MATCH = YES;
				"CODE_SIGN_IDENTITY[sdk=iphoneos*]" = "iPhone Developer";
				COPY_PHASE_STRIP = NO;
				DEBUG_INFORMATION_FORMAT = dwarf;
				ENABLE_STRICT_OBJC_MSGSEND = YES;
				ENABLE_TESTABILITY = YES;
				GCC_C_LANGUAGE_STANDARD = gnu99;
				GCC_DYNAMIC_NO_PIC = NO;
				GCC_NO_COMMON_BLOCKS = YES;
				GCC_OPTIMIZATION_LEVEL = 0;
				GCC_PREPROCESSOR_DEFINITIONS = (
					"DEBUG=1",
					"$(inherited)",
				);
				GCC_WARN_64_TO_32_BIT_CONVERSION = YES;
				GCC_WARN_ABOUT_RETURN_TYPE = YES_ERROR;
				GCC_WARN_UNDECLARED_SELECTOR = YES;
				GCC_WARN_UNINITIALIZED_AUTOS = YES_AGGRESSIVE;
				GCC_WARN_UNUSED_FUNCTION = YES;
				GCC_WARN_UNUSED_VARIABLE = YES;
				IPHONEOS_DEPLOYMENT_TARGET = 10.3;
				MTL_ENABLE_DEBUG_INFO = YES;
				ONLY_ACTIVE_ARCH = YES;
				SDKROOT = iphoneos;
				SWIFT_ACTIVE_COMPILATION_CONDITIONS = DEBUG;
				SWIFT_OPTIMIZATION_LEVEL = "-Onone";
			};
			name = Debug;
		};
		8DE935EF1ED9E09200A4BB62 /* Release */ = {
			isa = XCBuildConfiguration;
			buildSettings = {
				ALWAYS_SEARCH_USER_PATHS = NO;
				CLANG_ANALYZER_NONNULL = YES;
				CLANG_ANALYZER_NUMBER_OBJECT_CONVERSION = YES_AGGRESSIVE;
				CLANG_CXX_LANGUAGE_STANDARD = "gnu++0x";
				CLANG_CXX_LIBRARY = "libc++";
				CLANG_ENABLE_MODULES = YES;
				CLANG_ENABLE_OBJC_ARC = YES;
				CLANG_WARN_BOOL_CONVERSION = YES;
				CLANG_WARN_CONSTANT_CONVERSION = YES;
				CLANG_WARN_DIRECT_OBJC_ISA_USAGE = YES_ERROR;
				CLANG_WARN_DOCUMENTATION_COMMENTS = YES;
				CLANG_WARN_EMPTY_BODY = YES;
				CLANG_WARN_ENUM_CONVERSION = YES;
				CLANG_WARN_INFINITE_RECURSION = YES;
				CLANG_WARN_INT_CONVERSION = YES;
				CLANG_WARN_OBJC_ROOT_CLASS = YES_ERROR;
				CLANG_WARN_SUSPICIOUS_MOVE = YES;
				CLANG_WARN_UNREACHABLE_CODE = YES;
				CLANG_WARN__DUPLICATE_METHOD_MATCH = YES;
				"CODE_SIGN_IDENTITY[sdk=iphoneos*]" = "iPhone Developer";
				COPY_PHASE_STRIP = NO;
				DEBUG_INFORMATION_FORMAT = "dwarf-with-dsym";
				ENABLE_NS_ASSERTIONS = NO;
				ENABLE_STRICT_OBJC_MSGSEND = YES;
				GCC_C_LANGUAGE_STANDARD = gnu99;
				GCC_NO_COMMON_BLOCKS = YES;
				GCC_WARN_64_TO_32_BIT_CONVERSION = YES;
				GCC_WARN_ABOUT_RETURN_TYPE = YES_ERROR;
				GCC_WARN_UNDECLARED_SELECTOR = YES;
				GCC_WARN_UNINITIALIZED_AUTOS = YES_AGGRESSIVE;
				GCC_WARN_UNUSED_FUNCTION = YES;
				GCC_WARN_UNUSED_VARIABLE = YES;
				IPHONEOS_DEPLOYMENT_TARGET = 10.3;
				MTL_ENABLE_DEBUG_INFO = NO;
				SDKROOT = iphoneos;
				SWIFT_OPTIMIZATION_LEVEL = "-Owholemodule";
				VALIDATE_PRODUCT = YES;
			};
			name = Release;
		};
		8DE935F11ED9E09200A4BB62 /* Debug */ = {
			isa = XCBuildConfiguration;
			buildSettings = {
				DEVELOPMENT_TEAM = TG434Y362J;
				INFOPLIST_FILE = MyTube/Info.plist;
				LD_RUNPATH_SEARCH_PATHS = "$(inherited) @executable_path/Frameworks";
				PRODUCT_BUNDLE_IDENTIFIER = testing.MyTube;
				PRODUCT_NAME = "$(TARGET_NAME)";
				SWIFT_VERSION = 3.0;
			};
			name = Debug;
		};
		8DE935F21ED9E09200A4BB62 /* Release */ = {
			isa = XCBuildConfiguration;
			buildSettings = {
				DEVELOPMENT_TEAM = TG434Y362J;
				INFOPLIST_FILE = MyTube/Info.plist;
				LD_RUNPATH_SEARCH_PATHS = "$(inherited) @executable_path/Frameworks";
				PRODUCT_BUNDLE_IDENTIFIER = testing.MyTube;
				PRODUCT_NAME = "$(TARGET_NAME)";
				SWIFT_VERSION = 3.0;
			};
			name = Release;
		};
/* End XCBuildConfiguration section */

/* Begin XCConfigurationList section */
		8DE935D91ED9E09200A4BB62 /* Build configuration list for PBXProject "MyTube" */ = {
			isa = XCConfigurationList;
			buildConfigurations = (
				8DE935EE1ED9E09200A4BB62 /* Debug */,
				8DE935EF1ED9E09200A4BB62 /* Release */,
			);
			defaultConfigurationIsVisible = 0;
			defaultConfigurationName = Release;
		};
		8DE935F01ED9E09200A4BB62 /* Build configuration list for PBXNativeTarget "MyTube" */ = {
			isa = XCConfigurationList;
			buildConfigurations = (
				8DE935F11ED9E09200A4BB62 /* Debug */,
				8DE935F21ED9E09200A4BB62 /* Release */,
			);
			defaultConfigurationIsVisible = 0;
		};
/* End XCConfigurationList section */
	};
	rootObject = 8DE935D61ED9E09200A4BB62 /* Project object */;
}
